
Microsoft Visual Studio Solution File, Format Version 12.00
# Visual Studio 15
VisualStudioVersion = 15.0.28307.136
MinimumVisualStudioVersion = 10.0.40219.1
Project("{9A19103F-16F7-4668-BE54-9A1E7A4F7556}") = "NmarketTestApp", "NmarketTestApp\NmarketTestApp.csproj", "{51204B31-1DCC-49E3-8E6B-503596B284DF}"
EndProject
Project("{9A19103F-16F7-4668-BE54-9A1E7A4F7556}") = "NmarketTestApp.Data", "NmarketTestApp.Data\NmarketTestApp.Data.csproj", "{66794A5D-1C1E-4EEE-872A-90CD7F41B41B}"
EndProject
Project("{9A19103F-16F7-4668-BE54-9A1E7A4F7556}") = "NmarketTestApp.Models", "NmarketTestApp.Models\NmarketTestApp.Models.csproj", "{DF2EC53A-CA49-4C0C-A4DE-0EC3880187E6}"
EndProject
Project("{9A19103F-16F7-4668-BE54-9A1E7A4F7556}") = "NmarketTestApp.Services", "NmarketTestApp.Services\NmarketTestApp.Services.csproj", "{612EA47A-8A3D-42F8-B96C-826F71E23A40}"
EndProject
Project("{9A19103F-16F7-4668-BE54-9A1E7A4F7556}") = "NmarketTestApp.Contracts", "NmarketTestApp.Contracts\NmarketTestApp.Contracts.csproj", "{DE30D034-A241-493E-9BB1-6803B5F3104C}"
EndProject
Project("{FAE04EC0-301F-11D3-BF4B-00C04F79EFBC}") = "NmarketTestApp.Utils", "NmarketTestApp.Utils\NmarketTestApp.Utils.csproj", "{EB9E6EE5-FC31-48D3-AA6E-F16ED9AA76E9}"
EndProject
Global
	GlobalSection(SolutionConfigurationPlatforms) = preSolution
		Debug|Any CPU = Debug|Any CPU
		Release|Any CPU = Release|Any CPU
	EndGlobalSection
	GlobalSection(ProjectConfigurationPlatforms) = postSolution
		{51204B31-1DCC-49E3-8E6B-503596B284DF}.Debug|Any CPU.ActiveCfg = Debug|Any CPU
		{51204B31-1DCC-49E3-8E6B-503596B284DF}.Debug|Any CPU.Build.0 = Debug|Any CPU
		{51204B31-1DCC-49E3-8E6B-503596B284DF}.Release|Any CPU.ActiveCfg = Release|Any CPU
		{51204B31-1DCC-49E3-8E6B-503596B284DF}.Release|Any CPU.Build.0 = Release|Any CPU
		{66794A5D-1C1E-4EEE-872A-90CD7F41B41B}.Debug|Any CPU.ActiveCfg = Debug|Any CPU
		{66794A5D-1C1E-4EEE-872A-90CD7F41B41B}.Debug|Any CPU.Build.0 = Debug|Any CPU
		{66794A5D-1C1E-4EEE-872A-90CD7F41B41B}.Release|Any CPU.ActiveCfg = Release|Any CPU
		{66794A5D-1C1E-4EEE-872A-90CD7F41B41B}.Release|Any CPU.Build.0 = Release|Any CPU
		{DF2EC53A-CA49-4C0C-A4DE-0EC3880187E6}.Debug|Any CPU.ActiveCfg = Debug|Any CPU
		{DF2EC53A-CA49-4C0C-A4DE-0EC3880187E6}.Debug|Any CPU.Build.0 = Debug|Any CPU
		{DF2EC53A-CA49-4C0C-A4DE-0EC3880187E6}.Release|Any CPU.ActiveCfg = Release|Any CPU
		{DF2EC53A-CA49-4C0C-A4DE-0EC3880187E6}.Release|Any CPU.Build.0 = Release|Any CPU
		{612EA47A-8A3D-42F8-B96C-826F71E23A40}.Debug|Any CPU.ActiveCfg = Debug|Any CPU
		{612EA47A-8A3D-42F8-B96C-826F71E23A40}.Debug|Any CPU.Build.0 = Debug|Any CPU
		{612EA47A-8A3D-42F8-B96C-826F71E23A40}.Release|Any CPU.ActiveCfg = Release|Any CPU
		{612EA47A-8A3D-42F8-B96C-826F71E23A40}.Release|Any CPU.Build.0 = Release|Any CPU
		{DE30D034-A241-493E-9BB1-6803B5F3104C}.Debug|Any CPU.ActiveCfg = Debug|Any CPU
		{DE30D034-A241-493E-9BB1-6803B5F3104C}.Debug|Any CPU.Build.0 = Debug|Any CPU
		{DE30D034-A241-493E-9BB1-6803B5F3104C}.Release|Any CPU.ActiveCfg = Release|Any CPU
		{DE30D034-A241-493E-9BB1-6803B5F3104C}.Release|Any CPU.Build.0 = Release|Any CPU
		{EB9E6EE5-FC31-48D3-AA6E-F16ED9AA76E9}.Debug|Any CPU.ActiveCfg = Debug|Any CPU
		{EB9E6EE5-FC31-48D3-AA6E-F16ED9AA76E9}.Debug|Any CPU.Build.0 = Debug|Any CPU
		{EB9E6EE5-FC31-48D3-AA6E-F16ED9AA76E9}.Release|Any CPU.ActiveCfg = Release|Any CPU
		{EB9E6EE5-FC31-48D3-AA6E-F16ED9AA76E9}.Release|Any CPU.Build.0 = Release|Any CPU
	EndGlobalSection
	GlobalSection(SolutionProperties) = preSolution
		HideSolutionNode = FALSE
	EndGlobalSection
	GlobalSection(ExtensibilityGlobals) = postSolution
		SolutionGuid = {48CF8705-FCA8-4352-A4BC-0F77850DB17A}
	EndGlobalSection
EndGlobal
